{
  "name": "backend",
  "lockfileVersion": 3,
  "requires": true,
  "packages": {
    "": {
      "dependencies": {
        "@socket.io/redis-adapter": "^8.3.0",
        "chai": "^5.2.1",
        "node-cache": "^5.1.2",
        "sinon": "^21.0.0",
        "socket.io-client": "^4.8.1"
      }
    },
    "node_modules/@sinonjs/commons": {
      "version": "3.0.1",
      "resolved": "https://registry.npmjs.org/@sinonjs/commons/-/commons-3.0.1.tgz",
      "integrity": "sha512-K3mCHKQ9sVh8o1C9cxkwxaOmXoAMlDxC1mYyHrjqOWEcBjYr76t96zL2zlj5dUGZ3HSw240X1qgH3Mjf1yJWpQ==",
      "license": "BSD-3-Clause",
      "dependencies": {
        "type-detect": "4.0.8"
      }
    },
    "node_modules/@sinonjs/fake-timers": {
      "version": "13.0.5",
      "resolved": "https://registry.npmjs.org/@sinonjs/fake-timers/-/fake-timers-13.0.5.tgz",
      "integrity": "sha512-36/hTbH2uaWuGVERyC6da9YwGWnzUZXuPro/F2LfsdOsLnCojz/iSH8MxUt/FD2S5XBSVPhmArFUXcpCQ2Hkiw==",
      "license": "BSD-3-Clause",
      "dependencies": {
        "@sinonjs/commons": "^3.0.1"
      }
    },
    "node_modules/@sinonjs/samsam": {
      "version": "8.0.2",
      "resolved": "https://registry.npmjs.org/@sinonjs/samsam/-/samsam-8.0.2.tgz",
      "integrity": "sha512-v46t/fwnhejRSFTGqbpn9u+LQ9xJDse10gNnPgAcxgdoCDMXj/G2asWAC/8Qs+BAZDicX+MNZouXT1A7c83kVw==",
      "license": "BSD-3-Clause",
      "dependencies": {
        "@sinonjs/commons": "^3.0.1",
        "lodash.get": "^4.4.2",
        "type-detect": "^4.1.0"
      }
    },
    "node_modules/@sinonjs/samsam/node_modules/type-detect": {
      "version": "4.1.0",
      "resolved": "https://registry.npmjs.org/type-detect/-/type-detect-4.1.0.tgz",
      "integrity": "sha512-Acylog8/luQ8L7il+geoSxhEkazvkslg7PSNKOX59mbB9cOveP5aq9h74Y7YU8yDpJwetzQQrfIwtf4Wp4LKcw==",
      "license": "MIT",
      "engines": {
        "node": ">=4"
      }
    },
    "node_modules/@socket.io/component-emitter": {
      "version": "3.1.2",
      "resolved": "https://registry.npmjs.org/@socket.io/component-emitter/-/component-emitter-3.1.2.tgz",
      "integrity": "sha512-9BCxFwvbGg/RsZK9tjXd8s4UcwR0MWeFQ1XEKIQVVvAGJyINdrqKMcTRyLoK8Rse1GjzLV9cwjWV1olXRWEXVA==",
      "license": "MIT"
    },
    "node_modules/@socket.io/redis-adapter": {
      "version": "8.3.0",
      "resolved": "https://registry.npmjs.org/@socket.io/redis-adapter/-/redis-adapter-8.3.0.tgz",
      "integrity": "sha512-ly0cra+48hDmChxmIpnESKrc94LjRL80TEmZVscuQ/WWkRP81nNj8W8cCGMqbI4L6NCuAaPRSzZF1a9GlAxxnA==",
      "license": "MIT",
      "dependencies": {
        "debug": "~4.3.1",
        "notepack.io": "~3.0.1",
        "uid2": "1.0.0"
      },
      "engines": {
        "node": ">=10.0.0"
      },
      "peerDependencies": {
        "socket.io-adapter": "^2.5.4"
      }
    },
    "node_modules/assertion-error": {
      "version": "2.0.1",
      "resolved": "https://registry.npmjs.org/assertion-error/-/assertion-error-2.0.1.tgz",
      "integrity": "sha512-Izi8RQcffqCeNVgFigKli1ssklIbpHnCYc6AknXGYoB6grJqyeby7jv12JUQgmTAnIDnbck1uxksT4dzN3PWBA==",
      "license": "MIT",
      "engines": {
        "node": ">=12"
      }
    },
    "node_modules/chai": {
      "version": "5.2.1",
      "resolved": "https://registry.npmjs.org/chai/-/chai-5.2.1.tgz",
      "integrity": "sha512-5nFxhUrX0PqtyogoYOA8IPswy5sZFTOsBFl/9bNsmDLgsxYTzSZQJDPppDnZPTQbzSEm0hqGjWPzRemQCYbD6A==",
      "license": "MIT",
      "dependencies": {
        "assertion-error": "^2.0.1",
        "check-error": "^2.1.1",
        "deep-eql": "^5.0.1",
        "loupe": "^3.1.0",
        "pathval": "^2.0.0"
      },
      "engines": {
        "node": ">=18"
      }
    },
    "node_modules/check-error": {
      "version": "2.1.1",
      "resolved": "https://registry.npmjs.org/check-error/-/check-error-2.1.1.tgz",
      "integrity": "sha512-OAlb+T7V4Op9OwdkjmguYRqncdlx5JiofwOAUkmTF+jNdHwzTaTs4sRAGpzLF3oOz5xAyDGrPgeIDFQmDOTiJw==",
      "license": "MIT",
      "engines": {
        "node": ">= 16"
      }
    },
    "node_modules/clone": {
      "version": "2.1.2",
      "resolved": "https://registry.npmjs.org/clone/-/clone-2.1.2.tgz",
      "integrity": "sha512-3Pe/CF1Nn94hyhIYpjtiLhdCoEoz0DqQ+988E9gmeEdQZlojxnOb74wctFyuwWQHzqyf9X7C7MG8juUpqBJT8w==",
      "license": "MIT",
      "engines": {
        "node": ">=0.8"
      }
    },
    "node_modules/debug": {
      "version": "4.3.7",
      "resolved": "https://registry.npmjs.org/debug/-/debug-4.3.7.tgz",
      "integrity": "sha512-Er2nc/H7RrMXZBFCEim6TCmMk02Z8vLC2Rbi1KEBggpo0fS6l0S1nnapwmIi3yW/+GOJap1Krg4w0Hg80oCqgQ==",
      "license": "MIT",
      "dependencies": {
        "ms": "^2.1.3"
      },
      "engines": {
        "node": ">=6.0"
      },
      "peerDependenciesMeta": {
        "supports-color": {
          "optional": true
        }
      }
    },
    "node_modules/deep-eql": {
      "version": "5.0.2",
      "resolved": "https://registry.npmjs.org/deep-eql/-/deep-eql-5.0.2.tgz",
      "integrity": "sha512-h5k/5U50IJJFpzfL6nO9jaaumfjO/f2NjK/oYB2Djzm4p9L+3T9qWpZqZ2hAbLPuuYq9wrU08WQyBTL5GbPk5Q==",
      "license": "MIT",
      "engines": {
        "node": ">=6"
      }
    },
    "node_modules/diff": {
      "version": "7.0.0",
      "resolved": "https://registry.npmjs.org/diff/-/diff-7.0.0.tgz",
      "integrity": "sha512-PJWHUb1RFevKCwaFA9RlG5tCd+FO5iRh9A8HEtkmBH2Li03iJriB6m6JIN4rGz3K3JLawI7/veA1xzRKP6ISBw==",
      "license": "BSD-3-Clause",
      "engines": {
        "node": ">=0.3.1"
      }
    },
    "node_modules/engine.io-client": {
      "version": "6.6.3",
      "resolved": "https://registry.npmjs.org/engine.io-client/-/engine.io-client-6.6.3.tgz",
      "integrity": "sha512-T0iLjnyNWahNyv/lcjS2y4oE358tVS/SYQNxYXGAJ9/GLgH4VCvOQ/mhTjqU88mLZCQgiG8RIegFHYCdVC+j5w==",
      "license": "MIT",
      "dependencies": {
        "@socket.io/component-emitter": "~3.1.0",
        "debug": "~4.3.1",
        "engine.io-parser": "~5.2.1",
        "ws": "~8.17.1",
        "xmlhttprequest-ssl": "~2.1.1"
      }
    },
    "node_modules/engine.io-parser": {
      "version": "5.2.3",
      "resolved": "https://registry.npmjs.org/engine.io-parser/-/engine.io-parser-5.2.3.tgz",
      "integrity": "sha512-HqD3yTBfnBxIrbnM1DoD6Pcq8NECnh8d4As1Qgh0z5Gg3jRRIqijury0CL3ghu/edArpUYiYqQiDUQBIs4np3Q==",
      "license": "MIT",
      "engines": {
        "node": ">=10.0.0"
      }
    },
    "node_modules/has-flag": {
      "version": "4.0.0",
      "resolved": "https://registry.npmjs.org/has-flag/-/has-flag-4.0.0.tgz",
      "integrity": "sha512-EykJT/Q1KjTWctppgIAgfSO0tKVuZUjhgMr17kqTumMl6Afv3EISleU7qZUzoXDFTAHTDC4NOoG/ZxU3EvlMPQ==",
      "license": "MIT",
      "engines": {
        "node": ">=8"
      }
    },
    "node_modules/lodash.get": {
      "version": "4.4.2",
      "resolved": "https://registry.npmjs.org/lodash.get/-/lodash.get-4.4.2.tgz",
      "integrity": "sha512-z+Uw/vLuy6gQe8cfaFWD7p0wVv8fJl3mbzXh33RS+0oW2wvUqiRXiQ69gLWSLpgB5/6sU+r6BlQR0MBILadqTQ==",
      "deprecated": "This package is deprecated. Use the optional chaining (?.) operator instead.",
      "license": "MIT"
    },
    "node_modules/loupe": {
      "version": "3.2.0",
      "resolved": "https://registry.npmjs.org/loupe/-/loupe-3.2.0.tgz",
      "integrity": "sha512-2NCfZcT5VGVNX9mSZIxLRkEAegDGBpuQZBy13desuHeVORmBDyAET4TkJr4SjqQy3A8JDofMN6LpkK8Xcm/dlw==",
      "license": "MIT"
    },
    "node_modules/ms": {
      "version": "2.1.3",
      "resolved": "https://registry.npmjs.org/ms/-/ms-2.1.3.tgz",
      "integrity": "sha512-6FlzubTLZG3J2a/NVCAleEhjzq5oxgHyaCU9yYXvcLsvoVaHJq/s5xXI6/XXP6tz7R9xAOtHnSO/tXtF3WRTlA==",
      "license": "MIT"
    },
    "node_modules/node-cache": {
      "version": "5.1.2",
      "resolved": "https://registry.npmjs.org/node-cache/-/node-cache-5.1.2.tgz",
      "integrity": "sha512-t1QzWwnk4sjLWaQAS8CHgOJ+RAfmHpxFWmc36IWTiWHQfs0w5JDMBS1b1ZxQteo0vVVuWJvIUKHDkkeK7vIGCg==",
      "license": "MIT",
      "dependencies": {
        "clone": "2.x"
      },
      "engines": {
        "node": ">= 8.0.0"
      }
    },
    "node_modules/notepack.io": {
      "version": "3.0.1",
      "resolved": "https://registry.npmjs.org/notepack.io/-/notepack.io-3.0.1.tgz",
      "integrity": "sha512-TKC/8zH5pXIAMVQio2TvVDTtPRX+DJPHDqjRbxogtFiByHyzKmy96RA0JtCQJ+WouyyL4A10xomQzgbUT+1jCg==",
      "license": "MIT"
    },
    "node_modules/pathval": {
      "version": "2.0.1",
      "resolved": "https://registry.npmjs.org/pathval/-/pathval-2.0.1.tgz",
      "integrity": "sha512-//nshmD55c46FuFw26xV/xFAaB5HF9Xdap7HJBBnrKdAd6/GxDBaNA1870O79+9ueg61cZLSVc+OaFlfmObYVQ==",
      "license": "MIT",
      "engines": {
        "node": ">= 14.16"
      }
    },
    "node_modules/sinon": {
      "version": "21.0.0",
      "resolved": "https://registry.npmjs.org/sinon/-/sinon-21.0.0.tgz",
      "integrity": "sha512-TOgRcwFPbfGtpqvZw+hyqJDvqfapr1qUlOizROIk4bBLjlsjlB00Pg6wMFXNtJRpu+eCZuVOaLatG7M8105kAw==",
      "license": "BSD-3-Clause",
      "dependencies": {
        "@sinonjs/commons": "^3.0.1",
        "@sinonjs/fake-timers": "^13.0.5",
        "@sinonjs/samsam": "^8.0.1",
        "diff": "^7.0.0",
        "supports-color": "^7.2.0"
      },
      "funding": {
        "type": "opencollective",
        "url": "https://opencollective.com/sinon"
      }
    },
    "node_modules/socket.io-adapter": {
      "version": "2.5.5",
      "resolved": "https://registry.npmjs.org/socket.io-adapter/-/socket.io-adapter-2.5.5.tgz",
      "integrity": "sha512-eLDQas5dzPgOWCk9GuuJC2lBqItuhKI4uxGgo9aIV7MYbk2h9Q6uULEh8WBzThoI7l+qU9Ast9fVUmkqPP9wYg==",
      "license": "MIT",
      "peer": true,
      "dependencies": {
        "debug": "~4.3.4",
        "ws": "~8.17.1"
      }
    },
    "node_modules/socket.io-client": {
      "version": "4.8.1",
      "resolved": "https://registry.npmjs.org/socket.io-client/-/socket.io-client-4.8.1.tgz",
      "integrity": "sha512-hJVXfu3E28NmzGk8o1sHhN3om52tRvwYeidbj7xKy2eIIse5IoKX3USlS6Tqt3BHAtflLIkCQBkzVrEEfWUyYQ==",
      "license": "MIT",
      "dependencies": {
        "@socket.io/component-emitter": "~3.1.0",
        "debug": "~4.3.2",
        "engine.io-client": "~6.6.1",
        "socket.io-parser": "~4.2.4"
      },
      "engines": {
        "node": ">=10.0.0"
      }
    },
    "node_modules/socket.io-parser": {
      "version": "4.2.4",
      "resolved": "https://registry.npmjs.org/socket.io-parser/-/socket.io-parser-4.2.4.tgz",
      "integrity": "sha512-/GbIKmo8ioc+NIWIhwdecY0ge+qVBSMdgxGygevmdHj24bsfgtCmcUUcQ5ZzcylGFHsN3k4HB4Cgkl96KVnuew==",
      "license": "MIT",
      "dependencies": {
        "@socket.io/component-emitter": "~3.1.0",
        "debug": "~4.3.1"
      },
      "engines": {
        "node": ">=10.0.0"
      }
    },
    "node_modules/supports-color": {
      "version": "7.2.0",
      "resolved": "https://registry.npmjs.org/supports-color/-/supports-color-7.2.0.tgz",
      "integrity": "sha512-qpCAvRl9stuOHveKsn7HncJRvv501qIacKzQlO/+Lwxc9+0q2wLyv4Dfvt80/DPn2pqOBsJdDiogXGR9+OvwRw==",
      "license": "MIT",
      "dependencies": {
        "has-flag": "^4.0.0"
      },
      "engines": {
        "node": ">=8"
      }
    },
    "node_modules/type-detect": {
      "version": "4.0.8",
      "resolved": "https://registry.npmjs.org/type-detect/-/type-detect-4.0.8.tgz",
      "integrity": "sha512-0fr/mIH1dlO+x7TlcMy+bIDqKPsw/70tVyeHW787goQjhmqaZe10uwLujubK9q9Lg6Fiho1KUKDYz0Z7k7g5/g==",
      "license": "MIT",
      "engines": {
        "node": ">=4"
      }
    },
    "node_modules/uid2": {
      "version": "1.0.0",
      "resolved": "https://registry.npmjs.org/uid2/-/uid2-1.0.0.tgz",
      "integrity": "sha512-+I6aJUv63YAcY9n4mQreLUt0d4lvwkkopDNmpomkAUz0fAkEMV9pRWxN0EjhW1YfRhcuyHg2v3mwddCDW1+LFQ==",
      "license": "MIT",
      "engines": {
        "node": ">= 4.0.0"
      }
    },
    "node_modules/ws": {
      "version": "8.17.1",
      "resolved": "https://registry.npmjs.org/ws/-/ws-8.17.1.tgz",
      "integrity": "sha512-6XQFvXTkbfUOZOKKILFG1PDK2NDQs4azKQl26T0YS5CxqWLgXajbPZ+h4gZekJyRqFU8pvnbAbbs/3TgRPy+GQ==",
      "license": "MIT",
      "engines": {
        "node": ">=10.0.0"
      },
      "peerDependencies": {
        "bufferutil": "^4.0.1",
        "utf-8-validate": ">=5.0.2"
      },
      "peerDependenciesMeta": {
        "bufferutil": {
          "optional": true
        },
        "utf-8-validate": {
          "optional": true
        }
      }
    },
    "node_modules/xmlhttprequest-ssl": {
      "version": "2.1.2",
      "resolved": "https://registry.npmjs.org/xmlhttprequest-ssl/-/xmlhttprequest-ssl-2.1.2.tgz",
      "integrity": "sha512-TEU+nJVUUnA4CYJFLvK5X9AOeH4KvDvhIfm0vV1GaQRtchnG0hgK5p8hw/xjv8cunWYCsiPCSDzObPyhEwq3KQ==",
      "engines": {
        "node": ">=0.4.0"
      }
    }
  }
}
